
Microsoft Visual Studio Solution File, Format Version 12.00
# Visual Studio 2012
Project("{FAE04EC0-301F-11D3-BF4B-00C04F79EFBC}") = "VigenereApp", "VigenereApp\VigenereApp.csproj", "{A991DA5A-C09D-4D9E-BC19-F18671FEDAF1}"
EndProject
Project("{FAE04EC0-301F-11D3-BF4B-00C04F79EFBC}") = "VigenereFreq", "VigenereFreq\VigenereFreq.csproj", "{CC0131A1-B109-45E8-9EC9-A8DA5E8B07B3}"
EndProject
Global
	GlobalSection(SolutionConfigurationPlatforms) = preSolution
		Debug|Any CPU = Debug|Any CPU
		Release|Any CPU = Release|Any CPU
	EndGlobalSection
	GlobalSection(ProjectConfigurationPlatforms) = postSolution
		{A991DA5A-C09D-4D9E-BC19-F18671FEDAF1}.Debug|Any CPU.ActiveCfg = Debug|Any CPU
		{A991DA5A-C09D-4D9E-BC19-F18671FEDAF1}.Debug|Any CPU.Build.0 = Debug|Any CPU
		{A991DA5A-C09D-4D9E-BC19-F18671FEDAF1}.Release|Any CPU.ActiveCfg = Release|Any CPU
		{A991DA5A-C09D-4D9E-BC19-F18671FEDAF1}.Release|Any CPU.Build.0 = Release|Any CPU
		{CC0131A1-B109-45E8-9EC9-A8DA5E8B07B3}.Debug|Any CPU.ActiveCfg = Debug|Any CPU
		{CC0131A1-B109-45E8-9EC9-A8DA5E8B07B3}.Debug|Any CPU.Build.0 = Debug|Any CPU
		{CC0131A1-B109-45E8-9EC9-A8DA5E8B07B3}.Release|Any CPU.ActiveCfg = Release|Any CPU
		{CC0131A1-B109-45E8-9EC9-A8DA5E8B07B3}.Release|Any CPU.Build.0 = Release|Any CPU
	EndGlobalSection
	GlobalSection(SolutionProperties) = preSolution
		HideSolutionNode = FALSE
	EndGlobalSection
EndGlobal
